
Microsoft Visual Studio Solution File, Format Version 12.00
# Visual Studio Version 17
VisualStudioVersion = 17.9.34728.123
MinimumVisualStudioVersion = 10.0.40219.1
Project("{FAE04EC0-301F-11D3-BF4B-00C04F79EFBC}") = "FakeDataGeneratorMinimalApi", "FakeDataGeneratorMinimalApi.csproj", "{CD22DD1C-BB33-4DE7-93FD-DB52F373A2A1}"
EndProject
Global
	GlobalSection(SolutionConfigurationPlatforms) = preSolution
		Debug|Any CPU = Debug|Any CPU
		Release|Any CPU = Release|Any CPU
	EndGlobalSection
	GlobalSection(ProjectConfigurationPlatforms) = postSolution
		{CD22DD1C-BB33-4DE7-93FD-DB52F373A2A1}.Debug|Any CPU.ActiveCfg = Debug|Any CPU
		{CD22DD1C-BB33-4DE7-93FD-DB52F373A2A1}.Debug|Any CPU.Build.0 = Debug|Any CPU
		{CD22DD1C-BB33-4DE7-93FD-DB52F373A2A1}.Release|Any CPU.ActiveCfg = Release|Any CPU
		{CD22DD1C-BB33-4DE7-93FD-DB52F373A2A1}.Release|Any CPU.Build.0 = Release|Any CPU
	EndGlobalSection
	GlobalSection(SolutionProperties) = preSolution
		HideSolutionNode = FALSE
	EndGlobalSection
	GlobalSection(ExtensibilityGlobals) = postSolution
		SolutionGuid = {FA427E1C-7AC8-4562-A441-97A0DA783A3F}
	EndGlobalSection
EndGlobal
